
Microsoft Visual Studio Solution File, Format Version 10.00
# Visual Studio 2008
Project("{FAE04EC0-301F-11D3-BF4B-00C04F79EFBC}") = "Geodyssey", "Geodyssey\Geodyssey.csproj", "{808EE761-FAB0-4EAC-BA35-A625C1B7FA8E}"
EndProject
Project("{FAE04EC0-301F-11D3-BF4B-00C04F79EFBC}") = "Loaders", "Loaders\Loaders.csproj", "{7621F7AA-603B-4B19-AF15-7EB0A40EB037}"
EndProject
Project("{FAE04EC0-301F-11D3-BF4B-00C04F79EFBC}") = "Builders", "Builders\Builders.csproj", "{FBF3D631-036E-4D31-8B9F-8B47B4643410}"
EndProject
Project("{FAE04EC0-301F-11D3-BF4B-00C04F79EFBC}") = "Utility", "Utility\Utility.csproj", "{97DCD3DE-F97A-4EE2-B91A-DA2745511C56}"
EndProject
Project("{FAE04EC0-301F-11D3-BF4B-00C04F79EFBC}") = "LoaderTest", "LoaderTest\LoaderTest.csproj", "{47121CB7-6264-4889-9427-DD7C59D3883D}"
EndProject
Project("{FAE04EC0-301F-11D3-BF4B-00C04F79EFBC}") = "Model", "ClassLibrary1\Model.csproj", "{7C617B20-80E8-4A2E-B2EA-276EBBB30813}"
EndProject
Project("{FAE04EC0-301F-11D3-BF4B-00C04F79EFBC}") = "Numeric", "Math\Numeric.csproj", "{46389BF3-03EF-40E7-ADA2-BF91A598E1C9}"
EndProject
Project("{FAE04EC0-301F-11D3-BF4B-00C04F79EFBC}") = "Analysis", "Analysis\Analysis.csproj", "{46BDED4B-E475-4758-A4FF-6CE0697793C2}"
EndProject
Project("{FAE04EC0-301F-11D3-BF4B-00C04F79EFBC}") = "Athena", "Athena\Athena.csproj", "{51ECFD53-8300-4661-891E-651DD60754DB}"
EndProject
Project("{FAE04EC0-301F-11D3-BF4B-00C04F79EFBC}") = "Image", "Image\Image.csproj", "{8345B7F1-C362-4AC4-8C79-6369AE9CEC3C}"
EndProject
Project("{FAE04EC0-301F-11D3-BF4B-00C04F79EFBC}") = "Apollo", "Apollo\Apollo.csproj", "{393EAC32-4C50-4257-9A4E-DBBA247414D5}"
EndProject
Project("{FAE04EC0-301F-11D3-BF4B-00C04F79EFBC}") = "FaultMapper", "FaultMapper\FaultMapper.csproj", "{0A1D4485-B603-443D-A294-4F2FC2828018}"
EndProject
Project("{FAE04EC0-301F-11D3-BF4B-00C04F79EFBC}") = "TestFaultMapper", "TestFaultMapper\TestFaultMapper.csproj", "{4D5E4F4C-6C8E-47D9-8F8C-14C36274B127}"
EndProject
Project("{FAE04EC0-301F-11D3-BF4B-00C04F79EFBC}") = "TestNumeric", "TestNumeric\TestNumeric.csproj", "{C7B5C8E9-C5FB-4CE7-98E5-6C62F88F0F74}"
EndProject
Project("{FAE04EC0-301F-11D3-BF4B-00C04F79EFBC}") = "TestUtility", "TestUtility\TestUtility.csproj", "{C40F6918-334E-4147-B8A6-10C1418DB233}"
EndProject
Project("{FAE04EC0-301F-11D3-BF4B-00C04F79EFBC}") = "Geometry", "Geometry\Geometry.csproj", "{C1B4AADD-3616-48A4-8971-B614F9C2D3A5}"
EndProject
Project("{FAE04EC0-301F-11D3-BF4B-00C04F79EFBC}") = "TestGeometry", "TestGeometry\TestGeometry.csproj", "{BAFD1DD5-47B8-4F7C-9536-50906DE73F47}"
EndProject
Project("{2150E333-8FDC-42A3-9474-1A3956D46DE8}") = "UnitTests", "UnitTests", "{1CC3F1FA-61D4-4B14-8511-B64EB8961D51}"
EndProject
Project("{2150E333-8FDC-42A3-9474-1A3956D46DE8}") = "ModuleTests", "ModuleTests", "{7390155D-A592-45F1-8268-1E9B1FB38433}"
EndProject
Project("{F2A71F9B-5D33-465A-A702-920D77279786}") = "BitImage", "BitImage\BitImage.fsproj", "{701F7E80-5F21-4496-BF92-57C902F21A15}"
EndProject
Project("{F2A71F9B-5D33-465A-A702-920D77279786}") = "TestBitImage", "TestBitImage\TestBitImage.fsproj", "{22C85026-C2FB-4B34-827C-493C172A3D1E}"
EndProject
Project("{FAE04EC0-301F-11D3-BF4B-00C04F79EFBC}") = "Artemis", "Artemis\Artemis.csproj", "{621C20A9-0D49-4514-A99F-34BA640576C9}"
EndProject
Global
	GlobalSection(SourceCodeControl) = preSolution
		SccNumberOfProjects = 21
		SccLocalPath0 = .
		SccProjectUniqueName1 = Geodyssey\\Geodyssey.csproj
		SccLocalPath1 = .
		SccProjectFilePathRelativizedFromConnection1 = Geodyssey\\
		SccProjectUniqueName2 = Loaders\\Loaders.csproj
		SccLocalPath2 = .
		SccProjectFilePathRelativizedFromConnection2 = Loaders\\
		SccProjectUniqueName3 = LoaderTest\\LoaderTest.csproj
		SccProjectTopLevelParentUniqueName3 = Geodyssey.sln
		SccLocalPath3 = .
		SccProjectFilePathRelativizedFromConnection3 = LoaderTest\\
		SccProjectUniqueName4 = Utility\\Utility.csproj
		SccLocalPath4 = .
		SccProjectFilePathRelativizedFromConnection4 = Utility\\
		SccProjectUniqueName5 = Builders\\Builders.csproj
		SccLocalPath5 = .
		SccProjectFilePathRelativizedFromConnection5 = Builders\\
		SccProjectUniqueName6 = ClassLibrary1\\Model.csproj
		SccLocalPath6 = .
		SccProjectFilePathRelativizedFromConnection6 = ClassLibrary1\\
		SccProjectUniqueName7 = Math\\Numeric.csproj
		SccLocalPath7 = .
		SccProjectFilePathRelativizedFromConnection7 = Math\\
		SccProjectUniqueName8 = Analysis\\Analysis.csproj
		SccLocalPath8 = .
		SccProjectFilePathRelativizedFromConnection8 = Analysis\\
		SccProjectUniqueName9 = Athena\\Athena.csproj
		SccLocalPath9 = .
		SccProjectFilePathRelativizedFromConnection9 = Athena\\
		SccProjectUniqueName10 = Image\\Image.csproj
		SccLocalPath10 = .
		SccProjectFilePathRelativizedFromConnection10 = Image\\
		SccProjectUniqueName11 = Apollo\\Apollo.csproj
		SccLocalPath11 = .
		SccProjectFilePathRelativizedFromConnection11 = Apollo\\
		SccProjectUniqueName12 = FaultMapper\\FaultMapper.csproj
		SccLocalPath12 = .
		SccProjectFilePathRelativizedFromConnection12 = FaultMapper\\
		SccProjectUniqueName13 = TestUtility\\TestUtility.csproj
		SccProjectTopLevelParentUniqueName13 = Geodyssey.sln
		SccLocalPath13 = .
		SccProjectFilePathRelativizedFromConnection13 = TestUtility\\
		SccProjectUniqueName14 = TestFaultMapper\\TestFaultMapper.csproj
		SccProjectTopLevelParentUniqueName14 = Geodyssey.sln
		SccLocalPath14 = .
		SccProjectFilePathRelativizedFromConnection14 = TestFaultMapper\\
		SccProjectUniqueName15 = TestNumeric\\TestNumeric.csproj
		SccProjectTopLevelParentUniqueName15 = Geodyssey.sln
		SccLocalPath15 = .
		SccProjectFilePathRelativizedFromConnection15 = TestNumeric\\
		SccProjectUniqueName16 = Geometry\\Geometry.csproj
		SccLocalPath16 = .
		SccProjectFilePathRelativizedFromConnection16 = Geometry\\
		SccProjectUniqueName17 = TestGeometry\\TestGeometry.csproj
		SccProjectTopLevelParentUniqueName17 = Geodyssey.sln
		SccLocalPath17 = .
		SccProjectFilePathRelativizedFromConnection17 = TestGeometry\\
		SccProjectUniqueName18 = BitImage\\BitImage.fsproj
		SccLocalPath18 = .
		SccProjectFilePathRelativizedFromConnection18 = BitImage\\
		SccProjectUniqueName19 = TestBitImage\\TestBitImage.fsproj
		SccProjectTopLevelParentUniqueName19 = Geodyssey.sln
		SccLocalPath19 = .
		SccProjectFilePathRelativizedFromConnection19 = TestBitImage\\
		SccProjectUniqueName20 = Artemis\\Artemis.csproj
		SccLocalPath20 = .
		SccProjectFilePathRelativizedFromConnection20 = Artemis\\
	EndGlobalSection
	GlobalSection(SolutionConfigurationPlatforms) = preSolution
		Debug|Any CPU = Debug|Any CPU
		Debug|Mixed Platforms = Debug|Mixed Platforms
		Debug|Win32 = Debug|Win32
		Release|Any CPU = Release|Any CPU
		Release|Mixed Platforms = Release|Mixed Platforms
		Release|Win32 = Release|Win32
	EndGlobalSection
	GlobalSection(ProjectConfigurationPlatforms) = postSolution
		{808EE761-FAB0-4EAC-BA35-A625C1B7FA8E}.Debug|Any CPU.ActiveCfg = Debug|Any CPU
		{808EE761-FAB0-4EAC-BA35-A625C1B7FA8E}.Debug|Any CPU.Build.0 = Debug|Any CPU
		{808EE761-FAB0-4EAC-BA35-A625C1B7FA8E}.Debug|Mixed Platforms.ActiveCfg = Debug|Any CPU
		{808EE761-FAB0-4EAC-BA35-A625C1B7FA8E}.Debug|Mixed Platforms.Build.0 = Debug|Any CPU
		{808EE761-FAB0-4EAC-BA35-A625C1B7FA8E}.Debug|Win32.ActiveCfg = Debug|Any CPU
		{808EE761-FAB0-4EAC-BA35-A625C1B7FA8E}.Release|Any CPU.ActiveCfg = Release|Any CPU
		{808EE761-FAB0-4EAC-BA35-A625C1B7FA8E}.Release|Any CPU.Build.0 = Release|Any CPU
		{808EE761-FAB0-4EAC-BA35-A625C1B7FA8E}.Release|Mixed Platforms.ActiveCfg = Release|Any CPU
		{808EE761-FAB0-4EAC-BA35-A625C1B7FA8E}.Release|Mixed Platforms.Build.0 = Release|Any CPU
		{808EE761-FAB0-4EAC-BA35-A625C1B7FA8E}.Release|Win32.ActiveCfg = Release|Any CPU
		{7621F7AA-603B-4B19-AF15-7EB0A40EB037}.Debug|Any CPU.ActiveCfg = Debug|Any CPU
		{7621F7AA-603B-4B19-AF15-7EB0A40EB037}.Debug|Any CPU.Build.0 = Debug|Any CPU
		{7621F7AA-603B-4B19-AF15-7EB0A40EB037}.Debug|Mixed Platforms.ActiveCfg = Debug|Any CPU
		{7621F7AA-603B-4B19-AF15-7EB0A40EB037}.Debug|Mixed Platforms.Build.0 = Debug|Any CPU
		{7621F7AA-603B-4B19-AF15-7EB0A40EB037}.Debug|Win32.ActiveCfg = Debug|Any CPU
		{7621F7AA-603B-4B19-AF15-7EB0A40EB037}.Release|Any CPU.ActiveCfg = Release|Any CPU
		{7621F7AA-603B-4B19-AF15-7EB0A40EB037}.Release|Any CPU.Build.0 = Release|Any CPU
		{7621F7AA-603B-4B19-AF15-7EB0A40EB037}.Release|Mixed Platforms.ActiveCfg = Release|Any CPU
		{7621F7AA-603B-4B19-AF15-7EB0A40EB037}.Release|Mixed Platforms.Build.0 = Release|Any CPU
		{7621F7AA-603B-4B19-AF15-7EB0A40EB037}.Release|Win32.ActiveCfg = Release|Any CPU
		{FBF3D631-036E-4D31-8B9F-8B47B4643410}.Debug|Any CPU.ActiveCfg = Debug|Any CPU
		{FBF3D631-036E-4D31-8B9F-8B47B4643410}.Debug|Any CPU.Build.0 = Debug|Any CPU
		{FBF3D631-036E-4D31-8B9F-8B47B4643410}.Debug|Mixed Platforms.ActiveCfg = Debug|Any CPU
		{FBF3D631-036E-4D31-8B9F-8B47B4643410}.Debug|Mixed Platforms.Build.0 = Debug|Any CPU
		{FBF3D631-036E-4D31-8B9F-8B47B4643410}.Debug|Win32.ActiveCfg = Debug|Any CPU
		{FBF3D631-036E-4D31-8B9F-8B47B4643410}.Release|Any CPU.ActiveCfg = Release|Any CPU
		{FBF3D631-036E-4D31-8B9F-8B47B4643410}.Release|Any CPU.Build.0 = Release|Any CPU
		{FBF3D631-036E-4D31-8B9F-8B47B4643410}.Release|Mixed Platforms.ActiveCfg = Release|Any CPU
		{FBF3D631-036E-4D31-8B9F-8B47B4643410}.Release|Mixed Platforms.Build.0 = Release|Any CPU
		{FBF3D631-036E-4D31-8B9F-8B47B4643410}.Release|Win32.ActiveCfg = Release|Any CPU
		{97DCD3DE-F97A-4EE2-B91A-DA2745511C56}.Debug|Any CPU.ActiveCfg = Debug|Any CPU
		{97DCD3DE-F97A-4EE2-B91A-DA2745511C56}.Debug|Any CPU.Build.0 = Debug|Any CPU
		{97DCD3DE-F97A-4EE2-B91A-DA2745511C56}.Debug|Mixed Platforms.ActiveCfg = Debug|Any CPU
		{97DCD3DE-F97A-4EE2-B91A-DA2745511C56}.Debug|Mixed Platforms.Build.0 = Debug|Any CPU
		{97DCD3DE-F97A-4EE2-B91A-DA2745511C56}.Debug|Win32.ActiveCfg = Debug|Any CPU
		{97DCD3DE-F97A-4EE2-B91A-DA2745511C56}.Release|Any CPU.ActiveCfg = Release|Any CPU
		{97DCD3DE-F97A-4EE2-B91A-DA2745511C56}.Release|Any CPU.Build.0 = Release|Any CPU
		{97DCD3DE-F97A-4EE2-B91A-DA2745511C56}.Release|Mixed Platforms.ActiveCfg = Release|Any CPU
		{97DCD3DE-F97A-4EE2-B91A-DA2745511C56}.Release|Mixed Platforms.Build.0 = Release|Any CPU
		{97DCD3DE-F97A-4EE2-B91A-DA2745511C56}.Release|Win32.ActiveCfg = Release|Any CPU
		{47121CB7-6264-4889-9427-DD7C59D3883D}.Debug|Any CPU.ActiveCfg = Debug|Any CPU
		{47121CB7-6264-4889-9427-DD7C59D3883D}.Debug|Any CPU.Build.0 = Debug|Any CPU
		{47121CB7-6264-4889-9427-DD7C59D3883D}.Debug|Mixed Platforms.ActiveCfg = Debug|Any CPU
		{47121CB7-6264-4889-9427-DD7C59D3883D}.Debug|Mixed Platforms.Build.0 = Debug|Any CPU
		{47121CB7-6264-4889-9427-DD7C59D3883D}.Debug|Win32.ActiveCfg = Debug|Any CPU
		{47121CB7-6264-4889-9427-DD7C59D3883D}.Release|Any CPU.ActiveCfg = Release|Any CPU
		{47121CB7-6264-4889-9427-DD7C59D3883D}.Release|Any CPU.Build.0 = Release|Any CPU
		{47121CB7-6264-4889-9427-DD7C59D3883D}.Release|Mixed Platforms.ActiveCfg = Release|Any CPU
		{47121CB7-6264-4889-9427-DD7C59D3883D}.Release|Mixed Platforms.Build.0 = Release|Any CPU
		{47121CB7-6264-4889-9427-DD7C59D3883D}.Release|Win32.ActiveCfg = Release|Any CPU
		{7C617B20-80E8-4A2E-B2EA-276EBBB30813}.Debug|Any CPU.ActiveCfg = Debug|Any CPU
		{7C617B20-80E8-4A2E-B2EA-276EBBB30813}.Debug|Any CPU.Build.0 = Debug|Any CPU
		{7C617B20-80E8-4A2E-B2EA-276EBBB30813}.Debug|Mixed Platforms.ActiveCfg = Debug|Any CPU
		{7C617B20-80E8-4A2E-B2EA-276EBBB30813}.Debug|Mixed Platforms.Build.0 = Debug|Any CPU
		{7C617B20-80E8-4A2E-B2EA-276EBBB30813}.Debug|Win32.ActiveCfg = Debug|Any CPU
		{7C617B20-80E8-4A2E-B2EA-276EBBB30813}.Release|Any CPU.ActiveCfg = Release|Any CPU
		{7C617B20-80E8-4A2E-B2EA-276EBBB30813}.Release|Any CPU.Build.0 = Release|Any CPU
		{7C617B20-80E8-4A2E-B2EA-276EBBB30813}.Release|Mixed Platforms.ActiveCfg = Release|Any CPU
		{7C617B20-80E8-4A2E-B2EA-276EBBB30813}.Release|Mixed Platforms.Build.0 = Release|Any CPU
		{7C617B20-80E8-4A2E-B2EA-276EBBB30813}.Release|Win32.ActiveCfg = Release|Any CPU
		{46389BF3-03EF-40E7-ADA2-BF91A598E1C9}.Debug|Any CPU.ActiveCfg = Debug|Any CPU
		{46389BF3-03EF-40E7-ADA2-BF91A598E1C9}.Debug|Any CPU.Build.0 = Debug|Any CPU
		{46389BF3-03EF-40E7-ADA2-BF91A598E1C9}.Debug|Mixed Platforms.ActiveCfg = Debug|Any CPU
		{46389BF3-03EF-40E7-ADA2-BF91A598E1C9}.Debug|Mixed Platforms.Build.0 = Debug|Any CPU
		{46389BF3-03EF-40E7-ADA2-BF91A598E1C9}.Debug|Win32.ActiveCfg = Debug|Any CPU
		{46389BF3-03EF-40E7-ADA2-BF91A598E1C9}.Release|Any CPU.ActiveCfg = Release|Any CPU
		{46389BF3-03EF-40E7-ADA2-BF91A598E1C9}.Release|Any CPU.Build.0 = Release|Any CPU
		{46389BF3-03EF-40E7-ADA2-BF91A598E1C9}.Release|Mixed Platforms.ActiveCfg = Release|Any CPU
		{46389BF3-03EF-40E7-ADA2-BF91A598E1C9}.Release|Mixed Platforms.Build.0 = Release|Any CPU
		{46389BF3-03EF-40E7-ADA2-BF91A598E1C9}.Release|Win32.ActiveCfg = Release|Any CPU
		{46BDED4B-E475-4758-A4FF-6CE0697793C2}.Debug|Any CPU.ActiveCfg = Debug|Any CPU
		{46BDED4B-E475-4758-A4FF-6CE0697793C2}.Debug|Any CPU.Build.0 = Debug|Any CPU
		{46BDED4B-E475-4758-A4FF-6CE0697793C2}.Debug|Mixed Platforms.ActiveCfg = Debug|Any CPU
		{46BDED4B-E475-4758-A4FF-6CE0697793C2}.Debug|Mixed Platforms.Build.0 = Debug|Any CPU
		{46BDED4B-E475-4758-A4FF-6CE0697793C2}.Debug|Win32.ActiveCfg = Debug|Any CPU
		{46BDED4B-E475-4758-A4FF-6CE0697793C2}.Release|Any CPU.ActiveCfg = Release|Any CPU
		{46BDED4B-E475-4758-A4FF-6CE0697793C2}.Release|Any CPU.Build.0 = Release|Any CPU
		{46BDED4B-E475-4758-A4FF-6CE0697793C2}.Release|Mixed Platforms.ActiveCfg = Release|Any CPU
		{46BDED4B-E475-4758-A4FF-6CE0697793C2}.Release|Mixed Platforms.Build.0 = Release|Any CPU
		{46BDED4B-E475-4758-A4FF-6CE0697793C2}.Release|Win32.ActiveCfg = Release|Any CPU
		{51ECFD53-8300-4661-891E-651DD60754DB}.Debug|Any CPU.ActiveCfg = Debug|Any CPU
		{51ECFD53-8300-4661-891E-651DD60754DB}.Debug|Any CPU.Build.0 = Debug|Any CPU
		{51ECFD53-8300-4661-891E-651DD60754DB}.Debug|Mixed Platforms.ActiveCfg = Debug|Any CPU
		{51ECFD53-8300-4661-891E-651DD60754DB}.Debug|Mixed Platforms.Build.0 = Debug|Any CPU
		{51ECFD53-8300-4661-891E-651DD60754DB}.Debug|Win32.ActiveCfg = Debug|Any CPU
		{51ECFD53-8300-4661-891E-651DD60754DB}.Release|Any CPU.ActiveCfg = Release|Any CPU
		{51ECFD53-8300-4661-891E-651DD60754DB}.Release|Any CPU.Build.0 = Release|Any CPU
		{51ECFD53-8300-4661-891E-651DD60754DB}.Release|Mixed Platforms.ActiveCfg = Release|Any CPU
		{51ECFD53-8300-4661-891E-651DD60754DB}.Release|Mixed Platforms.Build.0 = Release|Any CPU
		{51ECFD53-8300-4661-891E-651DD60754DB}.Release|Win32.ActiveCfg = Release|Any CPU
		{8345B7F1-C362-4AC4-8C79-6369AE9CEC3C}.Debug|Any CPU.ActiveCfg = Debug|Any CPU
		{8345B7F1-C362-4AC4-8C79-6369AE9CEC3C}.Debug|Any CPU.Build.0 = Debug|Any CPU
		{8345B7F1-C362-4AC4-8C79-6369AE9CEC3C}.Debug|Mixed Platforms.ActiveCfg = Debug|Any CPU
		{8345B7F1-C362-4AC4-8C79-6369AE9CEC3C}.Debug|Mixed Platforms.Build.0 = Debug|Any CPU
		{8345B7F1-C362-4AC4-8C79-6369AE9CEC3C}.Debug|Win32.ActiveCfg = Debug|Any CPU
		{8345B7F1-C362-4AC4-8C79-6369AE9CEC3C}.Release|Any CPU.ActiveCfg = Release|Any CPU
		{8345B7F1-C362-4AC4-8C79-6369AE9CEC3C}.Release|Any CPU.Build.0 = Release|Any CPU
		{8345B7F1-C362-4AC4-8C79-6369AE9CEC3C}.Release|Mixed Platforms.ActiveCfg = Release|Any CPU
		{8345B7F1-C362-4AC4-8C79-6369AE9CEC3C}.Release|Mixed Platforms.Build.0 = Release|Any CPU
		{8345B7F1-C362-4AC4-8C79-6369AE9CEC3C}.Release|Win32.ActiveCfg = Release|Any CPU
		{393EAC32-4C50-4257-9A4E-DBBA247414D5}.Debug|Any CPU.ActiveCfg = Debug|Any CPU
		{393EAC32-4C50-4257-9A4E-DBBA247414D5}.Debug|Any CPU.Build.0 = Debug|Any CPU
		{393EAC32-4C50-4257-9A4E-DBBA247414D5}.Debug|Mixed Platforms.ActiveCfg = Debug|Any CPU
		{393EAC32-4C50-4257-9A4E-DBBA247414D5}.Debug|Mixed Platforms.Build.0 = Debug|Any CPU
		{393EAC32-4C50-4257-9A4E-DBBA247414D5}.Debug|Win32.ActiveCfg = Debug|Any CPU
		{393EAC32-4C50-4257-9A4E-DBBA247414D5}.Release|Any CPU.ActiveCfg = Release|Any CPU
		{393EAC32-4C50-4257-9A4E-DBBA247414D5}.Release|Any CPU.Build.0 = Release|Any CPU
		{393EAC32-4C50-4257-9A4E-DBBA247414D5}.Release|Mixed Platforms.ActiveCfg = Release|Any CPU
		{393EAC32-4C50-4257-9A4E-DBBA247414D5}.Release|Mixed Platforms.Build.0 = Release|Any CPU
		{393EAC32-4C50-4257-9A4E-DBBA247414D5}.Release|Win32.ActiveCfg = Release|Any CPU
		{0A1D4485-B603-443D-A294-4F2FC2828018}.Debug|Any CPU.ActiveCfg = Debug|Any CPU
		{0A1D4485-B603-443D-A294-4F2FC2828018}.Debug|Any CPU.Build.0 = Debug|Any CPU
		{0A1D4485-B603-443D-A294-4F2FC2828018}.Debug|Mixed Platforms.ActiveCfg = Debug|Any CPU
		{0A1D4485-B603-443D-A294-4F2FC2828018}.Debug|Mixed Platforms.Build.0 = Debug|Any CPU
		{0A1D4485-B603-443D-A294-4F2FC2828018}.Debug|Win32.ActiveCfg = Debug|Any CPU
		{0A1D4485-B603-443D-A294-4F2FC2828018}.Release|Any CPU.ActiveCfg = Release|Any CPU
		{0A1D4485-B603-443D-A294-4F2FC2828018}.Release|Any CPU.Build.0 = Release|Any CPU
		{0A1D4485-B603-443D-A294-4F2FC2828018}.Release|Mixed Platforms.ActiveCfg = Release|Any CPU
		{0A1D4485-B603-443D-A294-4F2FC2828018}.Release|Mixed Platforms.Build.0 = Release|Any CPU
		{0A1D4485-B603-443D-A294-4F2FC2828018}.Release|Win32.ActiveCfg = Release|Any CPU
		{4D5E4F4C-6C8E-47D9-8F8C-14C36274B127}.Debug|Any CPU.ActiveCfg = Debug|Any CPU
		{4D5E4F4C-6C8E-47D9-8F8C-14C36274B127}.Debug|Any CPU.Build.0 = Debug|Any CPU
		{4D5E4F4C-6C8E-47D9-8F8C-14C36274B127}.Debug|Mixed Platforms.ActiveCfg = Debug|Any CPU
		{4D5E4F4C-6C8E-47D9-8F8C-14C36274B127}.Debug|Mixed Platforms.Build.0 = Debug|Any CPU
		{4D5E4F4C-6C8E-47D9-8F8C-14C36274B127}.Debug|Win32.ActiveCfg = Debug|Any CPU
		{4D5E4F4C-6C8E-47D9-8F8C-14C36274B127}.Release|Any CPU.ActiveCfg = Release|Any CPU
		{4D5E4F4C-6C8E-47D9-8F8C-14C36274B127}.Release|Any CPU.Build.0 = Release|Any CPU
		{4D5E4F4C-6C8E-47D9-8F8C-14C36274B127}.Release|Mixed Platforms.ActiveCfg = Release|Any CPU
		{4D5E4F4C-6C8E-47D9-8F8C-14C36274B127}.Release|Mixed Platforms.Build.0 = Release|Any CPU
		{4D5E4F4C-6C8E-47D9-8F8C-14C36274B127}.Release|Win32.ActiveCfg = Release|Any CPU
		{C7B5C8E9-C5FB-4CE7-98E5-6C62F88F0F74}.Debug|Any CPU.ActiveCfg = Debug|Any CPU
		{C7B5C8E9-C5FB-4CE7-98E5-6C62F88F0F74}.Debug|Any CPU.Build.0 = Debug|Any CPU
		{C7B5C8E9-C5FB-4CE7-98E5-6C62F88F0F74}.Debug|Mixed Platforms.ActiveCfg = Debug|Any CPU
		{C7B5C8E9-C5FB-4CE7-98E5-6C62F88F0F74}.Debug|Mixed Platforms.Build.0 = Debug|Any CPU
		{C7B5C8E9-C5FB-4CE7-98E5-6C62F88F0F74}.Debug|Win32.ActiveCfg = Debug|Any CPU
		{C7B5C8E9-C5FB-4CE7-98E5-6C62F88F0F74}.Release|Any CPU.ActiveCfg = Release|Any CPU
		{C7B5C8E9-C5FB-4CE7-98E5-6C62F88F0F74}.Release|Any CPU.Build.0 = Release|Any CPU
		{C7B5C8E9-C5FB-4CE7-98E5-6C62F88F0F74}.Release|Mixed Platforms.ActiveCfg = Release|Any CPU
		{C7B5C8E9-C5FB-4CE7-98E5-6C62F88F0F74}.Release|Mixed Platforms.Build.0 = Release|Any CPU
		{C7B5C8E9-C5FB-4CE7-98E5-6C62F88F0F74}.Release|Win32.ActiveCfg = Release|Any CPU
		{C40F6918-334E-4147-B8A6-10C1418DB233}.Debug|Any CPU.ActiveCfg = Debug|Any CPU
		{C40F6918-334E-4147-B8A6-10C1418DB233}.Debug|Any CPU.Build.0 = Debug|Any CPU
		{C40F6918-334E-4147-B8A6-10C1418DB233}.Debug|Mixed Platforms.ActiveCfg = Debug|Any CPU
		{C40F6918-334E-4147-B8A6-10C1418DB233}.Debug|Mixed Platforms.Build.0 = Debug|Any CPU
		{C40F6918-334E-4147-B8A6-10C1418DB233}.Debug|Win32.ActiveCfg = Debug|Any CPU
		{C40F6918-334E-4147-B8A6-10C1418DB233}.Release|Any CPU.ActiveCfg = Release|Any CPU
		{C40F6918-334E-4147-B8A6-10C1418DB233}.Release|Any CPU.Build.0 = Release|Any CPU
		{C40F6918-334E-4147-B8A6-10C1418DB233}.Release|Mixed Platforms.ActiveCfg = Release|Any CPU
		{C40F6918-334E-4147-B8A6-10C1418DB233}.Release|Mixed Platforms.Build.0 = Release|Any CPU
		{C40F6918-334E-4147-B8A6-10C1418DB233}.Release|Win32.ActiveCfg = Release|Any CPU
		{C1B4AADD-3616-48A4-8971-B614F9C2D3A5}.Debug|Any CPU.ActiveCfg = Debug|Any CPU
		{C1B4AADD-3616-48A4-8971-B614F9C2D3A5}.Debug|Any CPU.Build.0 = Debug|Any CPU
		{C1B4AADD-3616-48A4-8971-B614F9C2D3A5}.Debug|Mixed Platforms.ActiveCfg = Debug|Any CPU
		{C1B4AADD-3616-48A4-8971-B614F9C2D3A5}.Debug|Mixed Platforms.Build.0 = Debug|Any CPU
		{C1B4AADD-3616-48A4-8971-B614F9C2D3A5}.Debug|Win32.ActiveCfg = Debug|Any CPU
		{C1B4AADD-3616-48A4-8971-B614F9C2D3A5}.Release|Any CPU.ActiveCfg = Release|Any CPU
		{C1B4AADD-3616-48A4-8971-B614F9C2D3A5}.Release|Any CPU.Build.0 = Release|Any CPU
		{C1B4AADD-3616-48A4-8971-B614F9C2D3A5}.Release|Mixed Platforms.ActiveCfg = Release|Any CPU
		{C1B4AADD-3616-48A4-8971-B614F9C2D3A5}.Release|Mixed Platforms.Build.0 = Release|Any CPU
		{C1B4AADD-3616-48A4-8971-B614F9C2D3A5}.Release|Win32.ActiveCfg = Release|Any CPU
		{BAFD1DD5-47B8-4F7C-9536-50906DE73F47}.Debug|Any CPU.ActiveCfg = Debug|Any CPU
		{BAFD1DD5-47B8-4F7C-9536-50906DE73F47}.Debug|Any CPU.Build.0 = Debug|Any CPU
		{BAFD1DD5-47B8-4F7C-9536-50906DE73F47}.Debug|Mixed Platforms.ActiveCfg = Debug|Any CPU
		{BAFD1DD5-47B8-4F7C-9536-50906DE73F47}.Debug|Mixed Platforms.Build.0 = Debug|Any CPU
		{BAFD1DD5-47B8-4F7C-9536-50906DE73F47}.Debug|Win32.ActiveCfg = Debug|Any CPU
		{BAFD1DD5-47B8-4F7C-9536-50906DE73F47}.Release|Any CPU.ActiveCfg = Release|Any CPU
		{BAFD1DD5-47B8-4F7C-9536-50906DE73F47}.Release|Any CPU.Build.0 = Release|Any CPU
		{BAFD1DD5-47B8-4F7C-9536-50906DE73F47}.Release|Mixed Platforms.ActiveCfg = Release|Any CPU
		{BAFD1DD5-47B8-4F7C-9536-50906DE73F47}.Release|Mixed Platforms.Build.0 = Release|Any CPU
		{BAFD1DD5-47B8-4F7C-9536-50906DE73F47}.Release|Win32.ActiveCfg = Release|Any CPU
		{701F7E80-5F21-4496-BF92-57C902F21A15}.Debug|Any CPU.ActiveCfg = Debug|Any CPU
		{701F7E80-5F21-4496-BF92-57C902F21A15}.Debug|Any CPU.Build.0 = Debug|Any CPU
		{701F7E80-5F21-4496-BF92-57C902F21A15}.Debug|Mixed Platforms.ActiveCfg = Debug|Any CPU
		{701F7E80-5F21-4496-BF92-57C902F21A15}.Debug|Mixed Platforms.Build.0 = Debug|Any CPU
		{701F7E80-5F21-4496-BF92-57C902F21A15}.Debug|Win32.ActiveCfg = Debug|Any CPU
		{701F7E80-5F21-4496-BF92-57C902F21A15}.Release|Any CPU.ActiveCfg = Release|Any CPU
		{701F7E80-5F21-4496-BF92-57C902F21A15}.Release|Any CPU.Build.0 = Release|Any CPU
		{701F7E80-5F21-4496-BF92-57C902F21A15}.Release|Mixed Platforms.ActiveCfg = Release|Any CPU
		{701F7E80-5F21-4496-BF92-57C902F21A15}.Release|Mixed Platforms.Build.0 = Release|Any CPU
		{701F7E80-5F21-4496-BF92-57C902F21A15}.Release|Win32.ActiveCfg = Release|Any CPU
		{22C85026-C2FB-4B34-827C-493C172A3D1E}.Debug|Any CPU.ActiveCfg = Debug|Any CPU
		{22C85026-C2FB-4B34-827C-493C172A3D1E}.Debug|Any CPU.Build.0 = Debug|Any CPU
		{22C85026-C2FB-4B34-827C-493C172A3D1E}.Debug|Mixed Platforms.ActiveCfg = Debug|Any CPU
		{22C85026-C2FB-4B34-827C-493C172A3D1E}.Debug|Mixed Platforms.Build.0 = Debug|Any CPU
		{22C85026-C2FB-4B34-827C-493C172A3D1E}.Debug|Win32.ActiveCfg = Debug|Any CPU
		{22C85026-C2FB-4B34-827C-493C172A3D1E}.Release|Any CPU.ActiveCfg = Release|Any CPU
		{22C85026-C2FB-4B34-827C-493C172A3D1E}.Release|Any CPU.Build.0 = Release|Any CPU
		{22C85026-C2FB-4B34-827C-493C172A3D1E}.Release|Mixed Platforms.ActiveCfg = Release|Any CPU
		{22C85026-C2FB-4B34-827C-493C172A3D1E}.Release|Mixed Platforms.Build.0 = Release|Any CPU
		{22C85026-C2FB-4B34-827C-493C172A3D1E}.Release|Win32.ActiveCfg = Release|Any CPU
		{621C20A9-0D49-4514-A99F-34BA640576C9}.Debug|Any CPU.ActiveCfg = Debug|Any CPU
		{621C20A9-0D49-4514-A99F-34BA640576C9}.Debug|Any CPU.Build.0 = Debug|Any CPU
		{621C20A9-0D49-4514-A99F-34BA640576C9}.Debug|Mixed Platforms.ActiveCfg = Debug|Any CPU
		{621C20A9-0D49-4514-A99F-34BA640576C9}.Debug|Mixed Platforms.Build.0 = Debug|Any CPU
		{621C20A9-0D49-4514-A99F-34BA640576C9}.Debug|Win32.ActiveCfg = Debug|Any CPU
		{621C20A9-0D49-4514-A99F-34BA640576C9}.Release|Any CPU.ActiveCfg = Release|Any CPU
		{621C20A9-0D49-4514-A99F-34BA640576C9}.Release|Any CPU.Build.0 = Release|Any CPU
		{621C20A9-0D49-4514-A99F-34BA640576C9}.Release|Mixed Platforms.ActiveCfg = Release|Any CPU
		{621C20A9-0D49-4514-A99F-34BA640576C9}.Release|Mixed Platforms.Build.0 = Release|Any CPU
		{621C20A9-0D49-4514-A99F-34BA640576C9}.Release|Win32.ActiveCfg = Release|Any CPU
	EndGlobalSection
	GlobalSection(SolutionProperties) = preSolution
		HideSolutionNode = FALSE
	EndGlobalSection
	GlobalSection(NestedProjects) = preSolution
		{47121CB7-6264-4889-9427-DD7C59D3883D} = {7390155D-A592-45F1-8268-1E9B1FB38433}
		{C7B5C8E9-C5FB-4CE7-98E5-6C62F88F0F74} = {1CC3F1FA-61D4-4B14-8511-B64EB8961D51}
		{C40F6918-334E-4147-B8A6-10C1418DB233} = {1CC3F1FA-61D4-4B14-8511-B64EB8961D51}
		{BAFD1DD5-47B8-4F7C-9536-50906DE73F47} = {1CC3F1FA-61D4-4B14-8511-B64EB8961D51}
		{4D5E4F4C-6C8E-47D9-8F8C-14C36274B127} = {1CC3F1FA-61D4-4B14-8511-B64EB8961D51}
		{22C85026-C2FB-4B34-827C-493C172A3D1E} = {1CC3F1FA-61D4-4B14-8511-B64EB8961D51}
	EndGlobalSection
EndGlobal
